
Microsoft Visual Studio Solution File, Format Version 12.00
# Visual Studio Version 17
VisualStudioVersion = 17.14.37027.9 d17.14
MinimumVisualStudioVersion = 10.0.40219.1
Project("{FAE04EC0-301F-11D3-BF4B-00C04F79EFBC}") = "ActionsRing", "ActionsRing.csproj", "{624B4BBE-0299-4DB8-BB7A-ACC0C1AE125F}"
EndProject
Global
	GlobalSection(SolutionConfigurationPlatforms) = preSolution
		Debug|Any CPU = Debug|Any CPU
		Release|Any CPU = Release|Any CPU
	EndGlobalSection
	GlobalSection(ProjectConfigurationPlatforms) = postSolution
		{624B4BBE-0299-4DB8-BB7A-ACC0C1AE125F}.Debug|Any CPU.ActiveCfg = Debug|Any CPU
		{624B4BBE-0299-4DB8-BB7A-ACC0C1AE125F}.Debug|Any CPU.Build.0 = Debug|Any CPU
		{624B4BBE-0299-4DB8-BB7A-ACC0C1AE125F}.Release|Any CPU.ActiveCfg = Release|Any CPU
		{624B4BBE-0299-4DB8-BB7A-ACC0C1AE125F}.Release|Any CPU.Build.0 = Release|Any CPU
	EndGlobalSection
	GlobalSection(SolutionProperties) = preSolution
		HideSolutionNode = FALSE
	EndGlobalSection
	GlobalSection(ExtensibilityGlobals) = postSolution
		SolutionGuid = {858AF4D7-00F1-413A-8197-F9C4457B4D26}
	EndGlobalSection
EndGlobal
